// !$*UTF8*$!
{
	archiveVersion = 1;
	classes = {
	};
	objectVersion = 56;
	objects = {

/* Begin PBXBuildFile section */
		78C6320029A4AAE9002E5415 /* JSColorPalette.docc in Sources */ = {isa = PBXBuildFile; fileRef = 78C631FF29A4AAE9002E5415 /* JSColorPalette.docc */; };
		78C6320629A4AAE9002E5415 /* JSColorPalette.framework in Frameworks */ = {isa = PBXBuildFile; fileRef = 78C631FB29A4AAE9002E5415 /* JSColorPalette.framework */; };
		78C6320B29A4AAE9002E5415 /* JSColorPaletteTests.swift in Sources */ = {isa = PBXBuildFile; fileRef = 78C6320A29A4AAE9002E5415 /* JSColorPaletteTests.swift */; };
		78C6320C29A4AAE9002E5415 /* JSColorPalette.h in Headers */ = {isa = PBXBuildFile; fileRef = 78C631FE29A4AAE9002E5415 /* JSColorPalette.h */; settings = {ATTRIBUTES = (Public, ); }; };
		78C6321629A4AB27002E5415 /* JSColorPalette.swift in Sources */ = {isa = PBXBuildFile; fileRef = 78C6321529A4AB27002E5415 /* JSColorPalette.swift */; };
/* End PBXBuildFile section */

/* Begin PBXContainerItemProxy section */
		78C6320729A4AAE9002E5415 /* PBXContainerItemProxy */ = {
			isa = PBXContainerItemProxy;
			containerPortal = 78C631F229A4AAE9002E5415 /* Project object */;
			proxyType = 1;
			remoteGlobalIDString = 78C631FA29A4AAE9002E5415;
			remoteInfo = JSColorPalette;
		};
/* End PBXContainerItemProxy section */

/* Begin PBXFileReference section */
		78C631FB29A4AAE9002E5415 /* JSColorPalette.framework */ = {isa = PBXFileReference; explicitFileType = wrapper.framework; includeInIndex = 0; path = JSColorPalette.framework; sourceTree = BUILT_PRODUCTS_DIR; };
		78C631FE29A4AAE9002E5415 /* JSColorPalette.h */ = {isa = PBXFileReference; lastKnownFileType = sourcecode.c.h; path = JSColorPalette.h; sourceTree = "<group>"; };
		78C631FF29A4AAE9002E5415 /* JSColorPalette.docc */ = {isa = PBXFileReference; lastKnownFileType = folder.documentationcatalog; path = JSColorPalette.docc; sourceTree = "<group>"; };
		78C6320529A4AAE9002E5415 /* JSColorPaletteTests.xctest */ = {isa = PBXFileReference; explicitFileType = wrapper.cfbundle; includeInIndex = 0; path = JSColorPaletteTests.xctest; sourceTree = BUILT_PRODUCTS_DIR; };
		78C6320A29A4AAE9002E5415 /* JSColorPaletteTests.swift */ = {isa = PBXFileReference; lastKnownFileType = sourcecode.swift; path = JSColorPaletteTests.swift; sourceTree = "<group>"; };
		78C6321529A4AB27002E5415 /* JSColorPalette.swift */ = {isa = PBXFileReference; lastKnownFileType = sourcecode.swift; path = JSColorPalette.swift; sourceTree = "<group>"; };
/* End PBXFileReference section */

/* Begin PBXFrameworksBuildPhase section */
		78C631F829A4AAE9002E5415 /* Frameworks */ = {
			isa = PBXFrameworksBuildPhase;
			buildActionMask = 2147483647;
			files = (
			);
			runOnlyForDeploymentPostprocessing = 0;
		};
		78C6320229A4AAE9002E5415 /* Frameworks */ = {
			isa = PBXFrameworksBuildPhase;
			buildActionMask = 2147483647;
			files = (
				78C6320629A4AAE9002E5415 /* JSColorPalette.framework in Frameworks */,
			);
			runOnlyForDeploymentPostprocessing = 0;
		};
/* End PBXFrameworksBuildPhase section */

/* Begin PBXGroup section */
		78C631F129A4AAE9002E5415 = {
			isa = PBXGroup;
			children = (
				78C631FD29A4AAE9002E5415 /* JSColorPalette */,
				78C6320929A4AAE9002E5415 /* JSColorPaletteTests */,
				78C631FC29A4AAE9002E5415 /* Products */,
			);
			sourceTree = "<group>";
		};
		78C631FC29A4AAE9002E5415 /* Products */ = {
			isa = PBXGroup;
			children = (
				78C631FB29A4AAE9002E5415 /* JSColorPalette.framework */,
				78C6320529A4AAE9002E5415 /* JSColorPaletteTests.xctest */,
			);
			name = Products;
			sourceTree = "<group>";
		};
		78C631FD29A4AAE9002E5415 /* JSColorPalette */ = {
			isa = PBXGroup;
			children = (
				78C631FE29A4AAE9002E5415 /* JSColorPalette.h */,
				78C631FF29A4AAE9002E5415 /* JSColorPalette.docc */,
				78C6321529A4AB27002E5415 /* JSColorPalette.swift */,
			);
			path = JSColorPalette;
			sourceTree = "<group>";
		};
		78C6320929A4AAE9002E5415 /* JSColorPaletteTests */ = {
			isa = PBXGroup;
			children = (
				78C6320A29A4AAE9002E5415 /* JSColorPaletteTests.swift */,
			);
			path = JSColorPaletteTests;
			sourceTree = "<group>";
		};
/* End PBXGroup section */

/* Begin PBXHeadersBuildPhase section */
		78C631F629A4AAE9002E5415 /* Headers */ = {
			isa = PBXHeadersBuildPhase;
			buildActionMask = 2147483647;
			files = (
				78C6320C29A4AAE9002E5415 /* JSColorPalette.h in Headers */,
			);
			runOnlyForDeploymentPostprocessing = 0;
		};
/* End PBXHeadersBuildPhase section */

/* Begin PBXNativeTarget section */
		78C631FA29A4AAE9002E5415 /* JSColorPalette */ = {
			isa = PBXNativeTarget;
			buildConfigurationList = 78C6320F29A4AAE9002E5415 /* Build configuration list for PBXNativeTarget "JSColorPalette" */;
			buildPhases = (
				78C631F629A4AAE9002E5415 /* Headers */,
				78C631F729A4AAE9002E5415 /* Sources */,
				78C631F829A4AAE9002E5415 /* Frameworks */,
				78C631F929A4AAE9002E5415 /* Resources */,
			);
			buildRules = (
			);
			dependencies = (
			);
			name = JSColorPalette;
			productName = JSColorPalette;
			productReference = 78C631FB29A4AAE9002E5415 /* JSColorPalette.framework */;
			productType = "com.apple.product-type.framework";
		};
		78C6320429A4AAE9002E5415 /* JSColorPaletteTests */ = {
			isa = PBXNativeTarget;
			buildConfigurationList = 78C6321229A4AAE9002E5415 /* Build configuration list for PBXNativeTarget "JSColorPaletteTests" */;
			buildPhases = (
				78C6320129A4AAE9002E5415 /* Sources */,
				78C6320229A4AAE9002E5415 /* Frameworks */,
				78C6320329A4AAE9002E5415 /* Resources */,
			);
			buildRules = (
			);
			dependencies = (
				78C6320829A4AAE9002E5415 /* PBXTargetDependency */,
			);
			name = JSColorPaletteTests;
			productName = JSColorPaletteTests;
			productReference = 78C6320529A4AAE9002E5415 /* JSColorPaletteTests.xctest */;
			productType = "com.apple.product-type.bundle.unit-test";
		};
/* End PBXNativeTarget section */

/* Begin PBXProject section */
		78C631F229A4AAE9002E5415 /* Project object */ = {
			isa = PBXProject;
			attributes = {
				BuildIndependentTargetsInParallel = 1;
				LastSwiftUpdateCheck = 1420;
				LastUpgradeCheck = 1420;
				TargetAttributes = {
					78C631FA29A4AAE9002E5415 = {
						CreatedOnToolsVersion = 14.2;
					};
					78C6320429A4AAE9002E5415 = {
						CreatedOnToolsVersion = 14.2;
					};
				};
			};
			buildConfigurationList = 78C631F529A4AAE9002E5415 /* Build configuration list for PBXProject "JSColorPalette" */;
			compatibilityVersion = "Xcode 14.0";
			developmentRegion = en;
			hasScannedForEncodings = 0;
			knownRegions = (
				en,
				Base,
			);
			mainGroup = 78C631F129A4AAE9002E5415;
			productRefGroup = 78C631FC29A4AAE9002E5415 /* Products */;
			projectDirPath = "";
			projectRoot = "";
			targets = (
				78C631FA29A4AAE9002E5415 /* JSColorPalette */,
				78C6320429A4AAE9002E5415 /* JSColorPaletteTests */,
			);
		};
/* End PBXProject section */

/* Begin PBXResourcesBuildPhase section */
		78C631F929A4AAE9002E5415 /* Resources */ = {
			isa = PBXResourcesBuildPhase;
			buildActionMask = 2147483647;
			files = (
			);
			runOnlyForDeploymentPostprocessing = 0;
		};
		78C6320329A4AAE9002E5415 /* Resources */ = {
			isa = PBXResourcesBuildPhase;
			buildActionMask = 2147483647;
			files = (
			);
			runOnlyForDeploymentPostprocessing = 0;
		};
/* End PBXResourcesBuildPhase section */

/* Begin PBXSourcesBuildPhase section */
		78C631F729A4AAE9002E5415 /* Sources */ = {
			isa = PBXSourcesBuildPhase;
			buildActionMask = 2147483647;
			files = (
				78C6321629A4AB27002E5415 /* JSColorPalette.swift in Sources */,
				78C6320029A4AAE9002E5415 /* JSColorPalette.docc in Sources */,
			);
			runOnlyForDeploymentPostprocessing = 0;
		};
		78C6320129A4AAE9002E5415 /* Sources */ = {
			isa = PBXSourcesBuildPhase;
			buildActionMask = 2147483647;
			files = (
				78C6320B29A4AAE9002E5415 /* JSColorPaletteTests.swift in Sources */,
			);
			runOnlyForDeploymentPostprocessing = 0;
		};
/* End PBXSourcesBuildPhase section */

/* Begin PBXTargetDependency section */
		78C6320829A4AAE9002E5415 /* PBXTargetDependency */ = {
			isa = PBXTargetDependency;
			target = 78C631FA29A4AAE9002E5415 /* JSColorPalette */;
			targetProxy = 78C6320729A4AAE9002E5415 /* PBXContainerItemProxy */;
		};
/* End PBXTargetDependency section */

/* Begin XCBuildConfiguration section */
		78C6320D29A4AAE9002E5415 /* Debug */ = {
			isa = XCBuildConfiguration;
			buildSettings = {
				ALWAYS_SEARCH_USER_PATHS = NO;
				CLANG_ANALYZER_NONNULL = YES;
				CLANG_ANALYZER_NUMBER_OBJECT_CONVERSION = YES_AGGRESSIVE;
				CLANG_CXX_LANGUAGE_STANDARD = "gnu++20";
				CLANG_ENABLE_MODULES = YES;
				CLANG_ENABLE_OBJC_ARC = YES;
				CLANG_ENABLE_OBJC_WEAK = YES;
				CLANG_WARN_BLOCK_CAPTURE_AUTORELEASING = YES;
				CLANG_WARN_BOOL_CONVERSION = YES;
				CLANG_WARN_COMMA = YES;
				CLANG_WARN_CONSTANT_CONVERSION = YES;
				CLANG_WARN_DEPRECATED_OBJC_IMPLEMENTATIONS = YES;
				CLANG_WARN_DIRECT_OBJC_ISA_USAGE = YES_ERROR;
				CLANG_WARN_DOCUMENTATION_COMMENTS = YES;
				CLANG_WARN_EMPTY_BODY = YES;
				CLANG_WARN_ENUM_CONVERSION = YES;
				CLANG_WARN_INFINITE_RECURSION = YES;
				CLANG_WARN_INT_CONVERSION = YES;
				CLANG_WARN_NON_LITERAL_NULL_CONVERSION = YES;
				CLANG_WARN_OBJC_IMPLICIT_RETAIN_SELF = YES;
				CLANG_WARN_OBJC_LITERAL_CONVERSION = YES;
				CLANG_WARN_OBJC_ROOT_CLASS = YES_ERROR;
				CLANG_WARN_QUOTED_INCLUDE_IN_FRAMEWORK_HEADER = YES;
				CLANG_WARN_RANGE_LOOP_ANALYSIS = YES;
				CLANG_WARN_STRICT_PROTOTYPES = YES;
				CLANG_WARN_SUSPICIOUS_MOVE = YES;
				CLANG_WARN_UNGUARDED_AVAILABILITY = YES_AGGRESSIVE;
				CLANG_WARN_UNREACHABLE_CODE = YES;
				CLANG_WARN__DUPLICATE_METHOD_MATCH = YES;
				COPY_PHASE_STRIP = NO;
				CURRENT_PROJECT_VERSION = 1;
				DEBUG_INFORMATION_FORMAT = dwarf;
				ENABLE_STRICT_OBJC_MSGSEND = YES;
				ENABLE_TESTABILITY = YES;
				GCC_C_LANGUAGE_STANDARD = gnu11;
				GCC_DYNAMIC_NO_PIC = NO;
				GCC_NO_COMMON_BLOCKS = YES;
				GCC_OPTIMIZATION_LEVEL = 0;
				GCC_PREPROCESSOR_DEFINITIONS = (
					"DEBUG=1",
					"$(inherited)",
				);
				GCC_WARN_64_TO_32_BIT_CONVERSION = YES;
				GCC_WARN_ABOUT_RETURN_TYPE = YES_ERROR;
				GCC_WARN_UNDECLARED_SELECTOR = YES;
				GCC_WARN_UNINITIALIZED_AUTOS = YES_AGGRESSIVE;
				GCC_WARN_UNUSED_FUNCTION = YES;
				GCC_WARN_UNUSED_VARIABLE = YES;
				IPHONEOS_DEPLOYMENT_TARGET = 16.2;
				MTL_ENABLE_DEBUG_INFO = INCLUDE_SOURCE;
				MTL_FAST_MATH = YES;
				ONLY_ACTIVE_ARCH = YES;
				SDKROOT = iphoneos;
				SWIFT_ACTIVE_COMPILATION_CONDITIONS = DEBUG;
				SWIFT_OPTIMIZATION_LEVEL = "-Onone";
				VERSIONING_SYSTEM = "apple-generic";
				VERSION_INFO_PREFIX = "";
			};
			name = Debug;
		};
		78C6320E29A4AAE9002E5415 /* Release */ = {
			isa = XCBuildConfiguration;
			buildSettings = {
				ALWAYS_SEARCH_USER_PATHS = NO;
				CLANG_ANALYZER_NONNULL = YES;
				CLANG_ANALYZER_NUMBER_OBJECT_CONVERSION = YES_AGGRESSIVE;
				CLANG_CXX_LANGUAGE_STANDARD = "gnu++20";
				CLANG_ENABLE_MODULES = YES;
				CLANG_ENABLE_OBJC_ARC = YES;
				CLANG_ENABLE_OBJC_WEAK = YES;
				CLANG_WARN_BLOCK_CAPTURE_AUTORELEASING = YES;
				CLANG_WARN_BOOL_CONVERSION = YES;
				CLANG_WARN_COMMA = YES;
				CLANG_WARN_CONSTANT_CONVERSION = YES;
				CLANG_WARN_DEPRECATED_OBJC_IMPLEMENTATIONS = YES;
				CLANG_WARN_DIRECT_OBJC_ISA_USAGE = YES_ERROR;
				CLANG_WARN_DOCUMENTATION_COMMENTS = YES;
				CLANG_WARN_EMPTY_BODY = YES;
				CLANG_WARN_ENUM_CONVERSION = YES;
				CLANG_WARN_INFINITE_RECURSION = YES;
				CLANG_WARN_INT_CONVERSION = YES;
				CLANG_WARN_NON_LITERAL_NULL_CONVERSION = YES;
				CLANG_WARN_OBJC_IMPLICIT_RETAIN_SELF = YES;
				CLANG_WARN_OBJC_LITERAL_CONVERSION = YES;
				CLANG_WARN_OBJC_ROOT_CLASS = YES_ERROR;
				CLANG_WARN_QUOTED_INCLUDE_IN_FRAMEWORK_HEADER = YES;
				CLANG_WARN_RANGE_LOOP_ANALYSIS = YES;
				CLANG_WARN_STRICT_PROTOTYPES = YES;
				CLANG_WARN_SUSPICIOUS_MOVE = YES;
				CLANG_WARN_UNGUARDED_AVAILABILITY = YES_AGGRESSIVE;
				CLANG_WARN_UNREACHABLE_CODE = YES;
				CLANG_WARN__DUPLICATE_METHOD_MATCH = YES;
				COPY_PHASE_STRIP = NO;
				CURRENT_PROJECT_VERSION = 1;
				DEBUG_INFORMATION_FORMAT = "dwarf-with-dsym";
				ENABLE_NS_ASSERTIONS = NO;
				ENABLE_STRICT_OBJC_MSGSEND = YES;
				GCC_C_LANGUAGE_STANDARD = gnu11;
				GCC_NO_COMMON_BLOCKS = YES;
				GCC_WARN_64_TO_32_BIT_CONVERSION = YES;
				GCC_WARN_ABOUT_RETURN_TYPE = YES_ERROR;
				GCC_WARN_UNDECLARED_SELECTOR = YES;
				GCC_WARN_UNINITIALIZED_AUTOS = YES_AGGRESSIVE;
				GCC_WARN_UNUSED_FUNCTION = YES;
				GCC_WARN_UNUSED_VARIABLE = YES;
				IPHONEOS_DEPLOYMENT_TARGET = 16.2;
				MTL_ENABLE_DEBUG_INFO = NO;
				MTL_FAST_MATH = YES;
				SDKROOT = iphoneos;
				SWIFT_COMPILATION_MODE = wholemodule;
				SWIFT_OPTIMIZATION_LEVEL = "-O";
				VALIDATE_PRODUCT = YES;
				VERSIONING_SYSTEM = "apple-generic";
				VERSION_INFO_PREFIX = "";
			};
			name = Release;
		};
		78C6321029A4AAE9002E5415 /* Debug */ = {
			isa = XCBuildConfiguration;
			buildSettings = {
				CODE_SIGN_STYLE = Automatic;
				CURRENT_PROJECT_VERSION = 1;
				DEFINES_MODULE = YES;
				DEVELOPMENT_TEAM = 5B68R93VTP;
				DYLIB_COMPATIBILITY_VERSION = 1;
				DYLIB_CURRENT_VERSION = 1;
				DYLIB_INSTALL_NAME_BASE = "@rpath";
				GENERATE_INFOPLIST_FILE = YES;
				INFOPLIST_KEY_NSHumanReadableCopyright = "";
				INSTALL_PATH = "$(LOCAL_LIBRARY_DIR)/Frameworks";
				LD_RUNPATH_SEARCH_PATHS = (
					"$(inherited)",
					"@executable_path/Frameworks",
					"@loader_path/Frameworks",
				);
				MARKETING_VERSION = 1.0;
				PRODUCT_BUNDLE_IDENTIFIER = com.itrectors.JSColorPalette;
				PRODUCT_NAME = "$(TARGET_NAME:c99extidentifier)";
				SKIP_INSTALL = YES;
				SWIFT_EMIT_LOC_STRINGS = YES;
				SWIFT_VERSION = 5.0;
				TARGETED_DEVICE_FAMILY = "1,2";
			};
			name = Debug;
		};
		78C6321129A4AAE9002E5415 /* Release */ = {
			isa = XCBuildConfiguration;
			buildSettings = {
				CODE_SIGN_STYLE = Automatic;
				CURRENT_PROJECT_VERSION = 1;
				DEFINES_MODULE = YES;
				DEVELOPMENT_TEAM = 5B68R93VTP;
				DYLIB_COMPATIBILITY_VERSION = 1;
				DYLIB_CURRENT_VERSION = 1;
				DYLIB_INSTALL_NAME_BASE = "@rpath";
				GENERATE_INFOPLIST_FILE = YES;
				INFOPLIST_KEY_NSHumanReadableCopyright = "";
				INSTALL_PATH = "$(LOCAL_LIBRARY_DIR)/Frameworks";
				LD_RUNPATH_SEARCH_PATHS = (
					"$(inherited)",
					"@executable_path/Frameworks",
					"@loader_path/Frameworks",
				);
				MARKETING_VERSION = 1.0;
				PRODUCT_BUNDLE_IDENTIFIER = com.itrectors.JSColorPalette;
				PRODUCT_NAME = "$(TARGET_NAME:c99extidentifier)";
				SKIP_INSTALL = YES;
				SWIFT_EMIT_LOC_STRINGS = YES;
				SWIFT_VERSION = 5.0;
				TARGETED_DEVICE_FAMILY = "1,2";
			};
			name = Release;
		};
		78C6321329A4AAE9002E5415 /* Debug */ = {
			isa = XCBuildConfiguration;
			buildSettings = {
				ALWAYS_EMBED_SWIFT_STANDARD_LIBRARIES = YES;
				CODE_SIGN_STYLE = Automatic;
				CURRENT_PROJECT_VERSION = 1;
				DEVELOPMENT_TEAM = 5B68R93VTP;
				GENERATE_INFOPLIST_FILE = YES;
				MARKETING_VERSION = 1.0;
				PRODUCT_BUNDLE_IDENTIFIER = com.itrectors.JSColorPaletteTests;
				PRODUCT_NAME = "$(TARGET_NAME)";
				SWIFT_EMIT_LOC_STRINGS = NO;
				SWIFT_VERSION = 5.0;
				TARGETED_DEVICE_FAMILY = "1,2";
			};
			name = Debug;
		};
		78C6321429A4AAE9002E5415 /* Release */ = {
			isa = XCBuildConfiguration;
			buildSettings = {
				ALWAYS_EMBED_SWIFT_STANDARD_LIBRARIES = YES;
				CODE_SIGN_STYLE = Automatic;
				CURRENT_PROJECT_VERSION = 1;
				DEVELOPMENT_TEAM = 5B68R93VTP;
				GENERATE_INFOPLIST_FILE = YES;
				MARKETING_VERSION = 1.0;
				PRODUCT_BUNDLE_IDENTIFIER = com.itrectors.JSColorPaletteTests;
				PRODUCT_NAME = "$(TARGET_NAME)";
				SWIFT_EMIT_LOC_STRINGS = NO;
				SWIFT_VERSION = 5.0;
				TARGETED_DEVICE_FAMILY = "1,2";
			};
			name = Release;
		};
/* End XCBuildConfiguration section */

/* Begin XCConfigurationList section */
		78C631F529A4AAE9002E5415 /* Build configuration list for PBXProject "JSColorPalette" */ = {
			isa = XCConfigurationList;
			buildConfigurations = (
				78C6320D29A4AAE9002E5415 /* Debug */,
				78C6320E29A4AAE9002E5415 /* Release */,
			);
			defaultConfigurationIsVisible = 0;
			defaultConfigurationName = Release;
		};
		78C6320F29A4AAE9002E5415 /* Build configuration list for PBXNativeTarget "JSColorPalette" */ = {
			isa = XCConfigurationList;
			buildConfigurations = (
				78C6321029A4AAE9002E5415 /* Debug */,
				78C6321129A4AAE9002E5415 /* Release */,
			);
			defaultConfigurationIsVisible = 0;
			defaultConfigurationName = Release;
		};
		78C6321229A4AAE9002E5415 /* Build configuration list for PBXNativeTarget "JSColorPaletteTests" */ = {
			isa = XCConfigurationList;
			buildConfigurations = (
				78C6321329A4AAE9002E5415 /* Debug */,
				78C6321429A4AAE9002E5415 /* Release */,
			);
			defaultConfigurationIsVisible = 0;
			defaultConfigurationName = Release;
		};
/* End XCConfigurationList section */
	};
	rootObject = 78C631F229A4AAE9002E5415 /* Project object */;
}
